
Microsoft Visual Studio Solution File, Format Version 12.00
# Visual Studio Version 17
VisualStudioVersion = 17.3.32811.315
MinimumVisualStudioVersion = 10.0.40219.1
Project("{9A19103F-16F7-4668-BE54-9A1E7A4F7556}") = "FibonacciAPI", "FibonacciAPI\FibonacciAPI.csproj", "{3268CAF5-6D5D-479D-8C75-1270534231A5}"
EndProject
Project("{FAE04EC0-301F-11D3-BF4B-00C04F79EFBC}") = "FibonacciAPI.Tests", "FibonacciAPI.Tests\FibonacciAPI.Tests.csproj", "{E5E224A5-0687-4C63-B050-6358000A2EA9}"
EndProject
Global
	GlobalSection(SolutionConfigurationPlatforms) = preSolution
		Debug|Any CPU = Debug|Any CPU
		Release|Any CPU = Release|Any CPU
	EndGlobalSection
	GlobalSection(ProjectConfigurationPlatforms) = postSolution
		{3268CAF5-6D5D-479D-8C75-1270534231A5}.Debug|Any CPU.ActiveCfg = Debug|Any CPU
		{3268CAF5-6D5D-479D-8C75-1270534231A5}.Debug|Any CPU.Build.0 = Debug|Any CPU
		{3268CAF5-6D5D-479D-8C75-1270534231A5}.Release|Any CPU.ActiveCfg = Release|Any CPU
		{3268CAF5-6D5D-479D-8C75-1270534231A5}.Release|Any CPU.Build.0 = Release|Any CPU
		{E5E224A5-0687-4C63-B050-6358000A2EA9}.Debug|Any CPU.ActiveCfg = Debug|Any CPU
		{E5E224A5-0687-4C63-B050-6358000A2EA9}.Debug|Any CPU.Build.0 = Debug|Any CPU
		{E5E224A5-0687-4C63-B050-6358000A2EA9}.Release|Any CPU.ActiveCfg = Release|Any CPU
		{E5E224A5-0687-4C63-B050-6358000A2EA9}.Release|Any CPU.Build.0 = Release|Any CPU
	EndGlobalSection
	GlobalSection(SolutionProperties) = preSolution
		HideSolutionNode = FALSE
	EndGlobalSection
	GlobalSection(ExtensibilityGlobals) = postSolution
		SolutionGuid = {903432F0-AF6C-4A37-A6C8-A9BC390B5A76}
	EndGlobalSection
EndGlobal
